
Microsoft Visual Studio Solution File, Format Version 12.00
# Visual Studio Version 16
VisualStudioVersion = 16.0.30413.136
MinimumVisualStudioVersion = 10.0.40219.1
Project("{FAE04EC0-301F-11D3-BF4B-00C04F79EFBC}") = "ComputorV1", "ComputorV1\ComputorV1.csproj", "{416EB201-4343-4C4E-A25B-CFA8E0FB095E}"
EndProject
Global
	GlobalSection(SolutionConfigurationPlatforms) = preSolution
		Debug|Any CPU = Debug|Any CPU
		Release|Any CPU = Release|Any CPU
	EndGlobalSection
	GlobalSection(ProjectConfigurationPlatforms) = postSolution
		{416EB201-4343-4C4E-A25B-CFA8E0FB095E}.Debug|Any CPU.ActiveCfg = Debug|Any CPU
		{416EB201-4343-4C4E-A25B-CFA8E0FB095E}.Debug|Any CPU.Build.0 = Debug|Any CPU
		{416EB201-4343-4C4E-A25B-CFA8E0FB095E}.Release|Any CPU.ActiveCfg = Release|Any CPU
		{416EB201-4343-4C4E-A25B-CFA8E0FB095E}.Release|Any CPU.Build.0 = Release|Any CPU
	EndGlobalSection
	GlobalSection(SolutionProperties) = preSolution
		HideSolutionNode = FALSE
	EndGlobalSection
	GlobalSection(ExtensibilityGlobals) = postSolution
		SolutionGuid = {7DEE6E95-DB93-48E1-87C4-ADF2B7B45905}
	EndGlobalSection
EndGlobal
